
Microsoft Visual Studio Solution File, Format Version 12.00
# Visual Studio Version 16
VisualStudioVersion = 16.0.30128.74
MinimumVisualStudioVersion = 10.0.40219.1
Project("{FAE04EC0-301F-11D3-BF4B-00C04F79EFBC}") = "GrafolitCRM", "GrafolitCRM\GrafolitCRM.csproj", "{552E697F-6CB7-4457-909E-4268220DA133}"
EndProject
Global
	GlobalSection(SolutionConfigurationPlatforms) = preSolution
		Debug|Any CPU = Debug|Any CPU
		Release|Any CPU = Release|Any CPU
	EndGlobalSection
	GlobalSection(ProjectConfigurationPlatforms) = postSolution
		{552E697F-6CB7-4457-909E-4268220DA133}.Debug|Any CPU.ActiveCfg = Debug|Any CPU
		{552E697F-6CB7-4457-909E-4268220DA133}.Debug|Any CPU.Build.0 = Debug|Any CPU
		{552E697F-6CB7-4457-909E-4268220DA133}.Release|Any CPU.ActiveCfg = Release|Any CPU
		{552E697F-6CB7-4457-909E-4268220DA133}.Release|Any CPU.Build.0 = Release|Any CPU
	EndGlobalSection
	GlobalSection(SolutionProperties) = preSolution
		HideSolutionNode = FALSE
	EndGlobalSection
	GlobalSection(ExtensibilityGlobals) = postSolution
		SolutionGuid = {A59CEB06-2FEE-4880-816F-81D3E8B19B17}
	EndGlobalSection
EndGlobal
